// !$*UTF8*$!
{
	archiveVersion = 1;
	classes = {
	};
	objectVersion = 46;
	objects = {

/* Begin PBXBuildFile section */
		830F500D1ABAC7A6004F31CD /* RMRObjcCodeBuilder.m in Sources */ = {isa = PBXBuildFile; fileRef = 830F500C1ABAC7A6004F31CD /* RMRObjcCodeBuilder.m */; };
		830F50161ABAE168004F31CD /* NSColor+Hexadecimal.m in Sources */ = {isa = PBXBuildFile; fileRef = 830F50151ABAE168004F31CD /* NSColor+Hexadecimal.m */; };
		830F50191ABAEB71004F31CD /* NSColorList+RMRHexColor.m in Sources */ = {isa = PBXBuildFile; fileRef = 830F50181ABAEB71004F31CD /* NSColorList+RMRHexColor.m */; };
		83C19ACE1AC2E19800288BFE /* NSString+RMRHelpers.m in Sources */ = {isa = PBXBuildFile; fileRef = 83C19ACD1AC2E19800288BFE /* NSString+RMRHelpers.m */; };
		83C19AD11AC2E75100288BFE /* RMRHexColorGenParameters.m in Sources */ = {isa = PBXBuildFile; fileRef = 83C19AD01AC2E75100288BFE /* RMRHexColorGenParameters.m */; };
		83C19AD41AC2EC9200288BFE /* RMRHexColorGen.m in Sources */ = {isa = PBXBuildFile; fileRef = 83C19AD31AC2EC9200288BFE /* RMRHexColorGen.m */; };
		83C19AD91AC2F9A700288BFE /* RXCollection.m in Sources */ = {isa = PBXBuildFile; fileRef = 83C19AD81AC2F9A700288BFE /* RXCollection.m */; };
		83C30F291ABC427D00C425DD /* AppKit.framework in Frameworks */ = {isa = PBXBuildFile; fileRef = 83C30F281ABC427D00C425DD /* AppKit.framework */; };
		83C30F2B1ABC427E00C425DD /* Foundation.framework in Frameworks */ = {isa = PBXBuildFile; fileRef = 83C30F2A1ABC427E00C425DD /* Foundation.framework */; };
		83C30F3B1ABC42B000C425DD /* NSColorPanel+RMRColorList.m in Sources */ = {isa = PBXBuildFile; fileRef = 83C30F381ABC42B000C425DD /* NSColorPanel+RMRColorList.m */; };
		83C30F3C1ABC42B000C425DD /* RMRRefreshColorPanel.m in Sources */ = {isa = PBXBuildFile; fileRef = 83C30F3A1ABC42B000C425DD /* RMRRefreshColorPanel.m */; };
		83D1182F1AB9ECF400D3C7B9 /* RMRHexColorParser.m in Sources */ = {isa = PBXBuildFile; fileRef = 83D118281AB9ECF400D3C7B9 /* RMRHexColorParser.m */; };
		83D118301AB9ECF400D3C7B9 /* RMRStyleSheetReader.m in Sources */ = {isa = PBXBuildFile; fileRef = 83D1182A1AB9ECF400D3C7B9 /* RMRStyleSheetReader.m */; };
		83D118311AB9ECF400D3C7B9 /* RMRHexColor.m in Sources */ = {isa = PBXBuildFile; fileRef = 83D1182D1AB9ECF400D3C7B9 /* RMRHexColor.m */; };
		83D118321AB9ECF400D3C7B9 /* main.m in Sources */ = {isa = PBXBuildFile; fileRef = 83D1182E1AB9ECF400D3C7B9 /* main.m */; };
		D88CD6892213569300CE1508 /* RMRAssetsCatalogBuilder.m in Sources */ = {isa = PBXBuildFile; fileRef = D88CD6882213569300CE1508 /* RMRAssetsCatalogBuilder.m */; };
		D88CD68C221361CB00CE1508 /* RMRStringTools.m in Sources */ = {isa = PBXBuildFile; fileRef = D88CD68B221361CB00CE1508 /* RMRStringTools.m */; };
		D897936A221EB116004EE06E /* UIColor+HexString.swift in Sources */ = {isa = PBXBuildFile; fileRef = D8979369221EB116004EE06E /* UIColor+HexString.swift */; };
		D8AB5DBC221D6CBE005F057D /* AppDelegate.swift in Sources */ = {isa = PBXBuildFile; fileRef = D8AB5DBB221D6CBE005F057D /* AppDelegate.swift */; };
		D8AB5DBE221D6CBE005F057D /* ViewController.swift in Sources */ = {isa = PBXBuildFile; fileRef = D8AB5DBD221D6CBE005F057D /* ViewController.swift */; };
		D8AB5DC1221D6CBE005F057D /* Main.storyboard in Resources */ = {isa = PBXBuildFile; fileRef = D8AB5DBF221D6CBE005F057D /* Main.storyboard */; };
		D8AB5DC3221D6CC5005F057D /* Assets.xcassets in Resources */ = {isa = PBXBuildFile; fileRef = D8AB5DC2221D6CC5005F057D /* Assets.xcassets */; };
		D8AB5DC6221D6CC5005F057D /* LaunchScreen.storyboard in Resources */ = {isa = PBXBuildFile; fileRef = D8AB5DC4221D6CC5005F057D /* LaunchScreen.storyboard */; };
		D8AB5DCE221D6E15005F057D /* MyTestColors.swift in Sources */ = {isa = PBXBuildFile; fileRef = D8AB5DCC221D6E14005F057D /* MyTestColors.swift */; };
		D8AB5DCF221D6E15005F057D /* MyTestColors.xcassets in Resources */ = {isa = PBXBuildFile; fileRef = D8AB5DCD221D6E14005F057D /* MyTestColors.xcassets */; };
		D8AB5DD1221D6F78005F057D /* UIColor+MyTestColors.swift in Sources */ = {isa = PBXBuildFile; fileRef = D8AB5DD0221D6F77005F057D /* UIColor+MyTestColors.swift */; };
		D8DF6A09221D489400CB128E /* RMRSwiftCodeBuilder.m in Sources */ = {isa = PBXBuildFile; fileRef = D8DF6A08221D489400CB128E /* RMRSwiftCodeBuilder.m */; };
/* End PBXBuildFile section */

/* Begin PBXCopyFilesBuildPhase section */
		83D1180C1AB9D45D00D3C7B9 /* CopyFiles */ = {
			isa = PBXCopyFilesBuildPhase;
			buildActionMask = 2147483647;
			dstPath = /usr/share/man/man1/;
			dstSubfolderSpec = 0;
			files = (
			);
			runOnlyForDeploymentPostprocessing = 1;
		};
/* End PBXCopyFilesBuildPhase section */

/* Begin PBXFileReference section */
		830F500B1ABAC7A6004F31CD /* RMRObjcCodeBuilder.h */ = {isa = PBXFileReference; fileEncoding = 4; lastKnownFileType = sourcecode.c.h; path = RMRObjcCodeBuilder.h; sourceTree = "<group>"; };
		830F500C1ABAC7A6004F31CD /* RMRObjcCodeBuilder.m */ = {isa = PBXFileReference; fileEncoding = 4; lastKnownFileType = sourcecode.c.objc; path = RMRObjcCodeBuilder.m; sourceTree = "<group>"; };
		830F50141ABAE168004F31CD /* NSColor+Hexadecimal.h */ = {isa = PBXFileReference; fileEncoding = 4; lastKnownFileType = sourcecode.c.h; path = "NSColor+Hexadecimal.h"; sourceTree = "<group>"; };
		830F50151ABAE168004F31CD /* NSColor+Hexadecimal.m */ = {isa = PBXFileReference; fileEncoding = 4; lastKnownFileType = sourcecode.c.objc; path = "NSColor+Hexadecimal.m"; sourceTree = "<group>"; };
		830F50171ABAEB71004F31CD /* NSColorList+RMRHexColor.h */ = {isa = PBXFileReference; fileEncoding = 4; lastKnownFileType = sourcecode.c.h; path = "NSColorList+RMRHexColor.h"; sourceTree = "<group>"; };
		830F50181ABAEB71004F31CD /* NSColorList+RMRHexColor.m */ = {isa = PBXFileReference; fileEncoding = 4; lastKnownFileType = sourcecode.c.objc; path = "NSColorList+RMRHexColor.m"; sourceTree = "<group>"; };
		83C19ACC1AC2E19800288BFE /* NSString+RMRHelpers.h */ = {isa = PBXFileReference; fileEncoding = 4; lastKnownFileType = sourcecode.c.h; path = "NSString+RMRHelpers.h"; sourceTree = "<group>"; };
		83C19ACD1AC2E19800288BFE /* NSString+RMRHelpers.m */ = {isa = PBXFileReference; fileEncoding = 4; lastKnownFileType = sourcecode.c.objc; path = "NSString+RMRHelpers.m"; sourceTree = "<group>"; };
		83C19ACF1AC2E75100288BFE /* RMRHexColorGenParameters.h */ = {isa = PBXFileReference; fileEncoding = 4; lastKnownFileType = sourcecode.c.h; path = RMRHexColorGenParameters.h; sourceTree = "<group>"; };
		83C19AD01AC2E75100288BFE /* RMRHexColorGenParameters.m */ = {isa = PBXFileReference; fileEncoding = 4; lastKnownFileType = sourcecode.c.objc; path = RMRHexColorGenParameters.m; sourceTree = "<group>"; };
		83C19AD21AC2EC9200288BFE /* RMRHexColorGen.h */ = {isa = PBXFileReference; fileEncoding = 4; lastKnownFileType = sourcecode.c.h; path = RMRHexColorGen.h; sourceTree = "<group>"; };
		83C19AD31AC2EC9200288BFE /* RMRHexColorGen.m */ = {isa = PBXFileReference; fileEncoding = 4; lastKnownFileType = sourcecode.c.objc; path = RMRHexColorGen.m; sourceTree = "<group>"; };
		83C19AD61AC2EDA400288BFE /* RMRHexColorGenPrefixHeader.pch */ = {isa = PBXFileReference; fileEncoding = 4; lastKnownFileType = sourcecode.c.h; path = RMRHexColorGenPrefixHeader.pch; sourceTree = "<group>"; };
		83C19AD71AC2F9A700288BFE /* RXCollection.h */ = {isa = PBXFileReference; fileEncoding = 4; lastKnownFileType = sourcecode.c.h; path = RXCollection.h; sourceTree = "<group>"; };
		83C19AD81AC2F9A700288BFE /* RXCollection.m */ = {isa = PBXFileReference; fileEncoding = 4; lastKnownFileType = sourcecode.c.objc; path = RXCollection.m; sourceTree = "<group>"; };
		83C30F271ABC427D00C425DD /* RMRRefreshColorPanelPlugin.xcplugin */ = {isa = PBXFileReference; explicitFileType = wrapper.cfbundle; includeInIndex = 0; path = RMRRefreshColorPanelPlugin.xcplugin; sourceTree = BUILT_PRODUCTS_DIR; };
		83C30F281ABC427D00C425DD /* AppKit.framework */ = {isa = PBXFileReference; lastKnownFileType = wrapper.framework; name = AppKit.framework; path = /System/Library/Frameworks/AppKit.framework; sourceTree = "<absolute>"; };
		83C30F2A1ABC427E00C425DD /* Foundation.framework */ = {isa = PBXFileReference; lastKnownFileType = wrapper.framework; name = Foundation.framework; path = /System/Library/Frameworks/Foundation.framework; sourceTree = "<absolute>"; };
		83C30F2E1ABC427E00C425DD /* Info.plist */ = {isa = PBXFileReference; lastKnownFileType = text.plist.xml; path = Info.plist; sourceTree = "<group>"; };
		83C30F371ABC42B000C425DD /* NSColorPanel+RMRColorList.h */ = {isa = PBXFileReference; fileEncoding = 4; lastKnownFileType = sourcecode.c.h; path = "NSColorPanel+RMRColorList.h"; sourceTree = "<group>"; };
		83C30F381ABC42B000C425DD /* NSColorPanel+RMRColorList.m */ = {isa = PBXFileReference; fileEncoding = 4; lastKnownFileType = sourcecode.c.objc; path = "NSColorPanel+RMRColorList.m"; sourceTree = "<group>"; };
		83C30F391ABC42B000C425DD /* RMRRefreshColorPanel.h */ = {isa = PBXFileReference; fileEncoding = 4; lastKnownFileType = sourcecode.c.h; path = RMRRefreshColorPanel.h; sourceTree = "<group>"; };
		83C30F3A1ABC42B000C425DD /* RMRRefreshColorPanel.m */ = {isa = PBXFileReference; fileEncoding = 4; lastKnownFileType = sourcecode.c.objc; path = RMRRefreshColorPanel.m; sourceTree = "<group>"; };
		83D1180E1AB9D45D00D3C7B9 /* RMRHexColorGen */ = {isa = PBXFileReference; explicitFileType = "compiled.mach-o.executable"; includeInIndex = 0; path = RMRHexColorGen; sourceTree = BUILT_PRODUCTS_DIR; };
		83D118271AB9ECF400D3C7B9 /* RMRHexColorParser.h */ = {isa = PBXFileReference; fileEncoding = 4; lastKnownFileType = sourcecode.c.h; path = RMRHexColorParser.h; sourceTree = "<group>"; };
		83D118281AB9ECF400D3C7B9 /* RMRHexColorParser.m */ = {isa = PBXFileReference; fileEncoding = 4; lastKnownFileType = sourcecode.c.objc; path = RMRHexColorParser.m; sourceTree = "<group>"; };
		83D118291AB9ECF400D3C7B9 /* RMRStyleSheetReader.h */ = {isa = PBXFileReference; fileEncoding = 4; lastKnownFileType = sourcecode.c.h; path = RMRStyleSheetReader.h; sourceTree = "<group>"; };
		83D1182A1AB9ECF400D3C7B9 /* RMRStyleSheetReader.m */ = {isa = PBXFileReference; fileEncoding = 4; lastKnownFileType = sourcecode.c.objc; path = RMRStyleSheetReader.m; sourceTree = "<group>"; };
		83D1182C1AB9ECF400D3C7B9 /* RMRHexColor.h */ = {isa = PBXFileReference; fileEncoding = 4; lastKnownFileType = sourcecode.c.h; path = RMRHexColor.h; sourceTree = "<group>"; };
		83D1182D1AB9ECF400D3C7B9 /* RMRHexColor.m */ = {isa = PBXFileReference; fileEncoding = 4; lastKnownFileType = sourcecode.c.objc; path = RMRHexColor.m; sourceTree = "<group>"; };
		83D1182E1AB9ECF400D3C7B9 /* main.m */ = {isa = PBXFileReference; fileEncoding = 4; lastKnownFileType = sourcecode.c.objc; path = main.m; sourceTree = "<group>"; };
		D88CD6872213569300CE1508 /* RMRAssetsCatalogBuilder.h */ = {isa = PBXFileReference; lastKnownFileType = sourcecode.c.h; path = RMRAssetsCatalogBuilder.h; sourceTree = "<group>"; };
		D88CD6882213569300CE1508 /* RMRAssetsCatalogBuilder.m */ = {isa = PBXFileReference; lastKnownFileType = sourcecode.c.objc; path = RMRAssetsCatalogBuilder.m; sourceTree = "<group>"; };
		D88CD68A221361CB00CE1508 /* RMRStringTools.h */ = {isa = PBXFileReference; lastKnownFileType = sourcecode.c.h; path = RMRStringTools.h; sourceTree = "<group>"; };
		D88CD68B221361CB00CE1508 /* RMRStringTools.m */ = {isa = PBXFileReference; lastKnownFileType = sourcecode.c.objc; path = RMRStringTools.m; sourceTree = "<group>"; };
		D88CD69322136B3500CE1508 /* Testing.palette */ = {isa = PBXFileReference; fileEncoding = 4; lastKnownFileType = text; path = Testing.palette; sourceTree = SOURCE_ROOT; };
		D88CD69422136F1B00CE1508 /* README.md */ = {isa = PBXFileReference; lastKnownFileType = net.daringfireball.markdown; path = README.md; sourceTree = "<group>"; };
		D8979369221EB116004EE06E /* UIColor+HexString.swift */ = {isa = PBXFileReference; lastKnownFileType = sourcecode.swift; path = "UIColor+HexString.swift"; sourceTree = "<group>"; };
		D8AB5DB9221D6CBE005F057D /* TestApp.app */ = {isa = PBXFileReference; explicitFileType = wrapper.application; includeInIndex = 0; path = TestApp.app; sourceTree = BUILT_PRODUCTS_DIR; };
		D8AB5DBB221D6CBE005F057D /* AppDelegate.swift */ = {isa = PBXFileReference; lastKnownFileType = sourcecode.swift; path = AppDelegate.swift; sourceTree = "<group>"; };
		D8AB5DBD221D6CBE005F057D /* ViewController.swift */ = {isa = PBXFileReference; lastKnownFileType = sourcecode.swift; path = ViewController.swift; sourceTree = "<group>"; };
		D8AB5DC0221D6CBE005F057D /* Base */ = {isa = PBXFileReference; lastKnownFileType = file.storyboard; name = Base; path = Base.lproj/Main.storyboard; sourceTree = "<group>"; };
		D8AB5DC2221D6CC5005F057D /* Assets.xcassets */ = {isa = PBXFileReference; lastKnownFileType = folder.assetcatalog; path = Assets.xcassets; sourceTree = "<group>"; };
		D8AB5DC5221D6CC5005F057D /* Base */ = {isa = PBXFileReference; lastKnownFileType = file.storyboard; name = Base; path = Base.lproj/LaunchScreen.storyboard; sourceTree = "<group>"; };
		D8AB5DC7221D6CC5005F057D /* Info.plist */ = {isa = PBXFileReference; lastKnownFileType = text.plist.xml; path = Info.plist; sourceTree = "<group>"; };
		D8AB5DCC221D6E14005F057D /* MyTestColors.swift */ = {isa = PBXFileReference; fileEncoding = 4; lastKnownFileType = sourcecode.swift; path = MyTestColors.swift; sourceTree = SOURCE_ROOT; };
		D8AB5DCD221D6E14005F057D /* MyTestColors.xcassets */ = {isa = PBXFileReference; lastKnownFileType = folder.assetcatalog; path = MyTestColors.xcassets; sourceTree = SOURCE_ROOT; };
		D8AB5DD0221D6F77005F057D /* UIColor+MyTestColors.swift */ = {isa = PBXFileReference; fileEncoding = 4; lastKnownFileType = sourcecode.swift; path = "UIColor+MyTestColors.swift"; sourceTree = SOURCE_ROOT; };
		D8DF6A07221D489400CB128E /* RMRSwiftCodeBuilder.h */ = {isa = PBXFileReference; lastKnownFileType = sourcecode.c.h; path = RMRSwiftCodeBuilder.h; sourceTree = "<group>"; };
		D8DF6A08221D489400CB128E /* RMRSwiftCodeBuilder.m */ = {isa = PBXFileReference; lastKnownFileType = sourcecode.c.objc; path = RMRSwiftCodeBuilder.m; sourceTree = "<group>"; };
		D8DF6A0A221D4C4600CB128E /* Constants.h */ = {isa = PBXFileReference; lastKnownFileType = sourcecode.c.h; path = Constants.h; sourceTree = "<group>"; };
/* End PBXFileReference section */

/* Begin PBXFrameworksBuildPhase section */
		83C30F251ABC427D00C425DD /* Frameworks */ = {
			isa = PBXFrameworksBuildPhase;
			buildActionMask = 2147483647;
			files = (
				83C30F291ABC427D00C425DD /* AppKit.framework in Frameworks */,
				83C30F2B1ABC427E00C425DD /* Foundation.framework in Frameworks */,
			);
			runOnlyForDeploymentPostprocessing = 0;
		};
		83D1180B1AB9D45D00D3C7B9 /* Frameworks */ = {
			isa = PBXFrameworksBuildPhase;
			buildActionMask = 2147483647;
			files = (
			);
			runOnlyForDeploymentPostprocessing = 0;
		};
		D8AB5DB6221D6CBE005F057D /* Frameworks */ = {
			isa = PBXFrameworksBuildPhase;
			buildActionMask = 2147483647;
			files = (
			);
			runOnlyForDeploymentPostprocessing = 0;
		};
/* End PBXFrameworksBuildPhase section */

/* Begin PBXGroup section */
		73759BFC0E0AC409E9F99B58 /* Frameworks */ = {
			isa = PBXGroup;
			children = (
				83C30F281ABC427D00C425DD /* AppKit.framework */,
				83C30F2A1ABC427E00C425DD /* Foundation.framework */,
			);
			name = Frameworks;
			sourceTree = "<group>";
		};
		83C19AD51AC2ECCE00288BFE /* Supporting Files */ = {
			isa = PBXGroup;
			children = (
				D88CD69322136B3500CE1508 /* Testing.palette */,
				83C19AD61AC2EDA400288BFE /* RMRHexColorGenPrefixHeader.pch */,
			);
			path = "Supporting Files";
			sourceTree = "<group>";
		};
		83C30F2C1ABC427E00C425DD /* RMRRefreshColorPanelPlugin */ = {
			isa = PBXGroup;
			children = (
				83C30F391ABC42B000C425DD /* RMRRefreshColorPanel.h */,
				83C30F3A1ABC42B000C425DD /* RMRRefreshColorPanel.m */,
				83C30F371ABC42B000C425DD /* NSColorPanel+RMRColorList.h */,
				83C30F381ABC42B000C425DD /* NSColorPanel+RMRColorList.m */,
				83C30F2D1ABC427E00C425DD /* Supporting Files */,
			);
			path = RMRRefreshColorPanelPlugin;
			sourceTree = "<group>";
		};
		83C30F2D1ABC427E00C425DD /* Supporting Files */ = {
			isa = PBXGroup;
			children = (
				83C30F2E1ABC427E00C425DD /* Info.plist */,
			);
			name = "Supporting Files";
			sourceTree = "<group>";
		};
		83D117F71AB9D3FF00D3C7B9 = {
			isa = PBXGroup;
			children = (
				D88CD69422136F1B00CE1508 /* README.md */,
				83D118241AB9ECF400D3C7B9 /* RMRHexColorGen */,
				83C30F2C1ABC427E00C425DD /* RMRRefreshColorPanelPlugin */,
				D8AB5DBA221D6CBE005F057D /* TestApp */,
				83D118011AB9D40000D3C7B9 /* Products */,
				73759BFC0E0AC409E9F99B58 /* Frameworks */,
			);
			sourceTree = "<group>";
		};
		83D118011AB9D40000D3C7B9 /* Products */ = {
			isa = PBXGroup;
			children = (
				83D1180E1AB9D45D00D3C7B9 /* RMRHexColorGen */,
				83C30F271ABC427D00C425DD /* RMRRefreshColorPanelPlugin.xcplugin */,
				D8AB5DB9221D6CBE005F057D /* TestApp.app */,
			);
			name = Products;
			sourceTree = "<group>";
		};
		83D118241AB9ECF400D3C7B9 /* RMRHexColorGen */ = {
			isa = PBXGroup;
			children = (
				83D1182E1AB9ECF400D3C7B9 /* main.m */,
				83D118251AB9ECF400D3C7B9 /* Classes */,
				83C19AD51AC2ECCE00288BFE /* Supporting Files */,
			);
			path = RMRHexColorGen;
			sourceTree = "<group>";
		};
		83D118251AB9ECF400D3C7B9 /* Classes */ = {
			isa = PBXGroup;
			children = (
				83D118261AB9ECF400D3C7B9 /* Helper */,
				83D1182B1AB9ECF400D3C7B9 /* Model */,
				83C19AD21AC2EC9200288BFE /* RMRHexColorGen.h */,
				83C19AD31AC2EC9200288BFE /* RMRHexColorGen.m */,
			);
			path = Classes;
			sourceTree = "<group>";
		};
		83D118261AB9ECF400D3C7B9 /* Helper */ = {
			isa = PBXGroup;
			children = (
				83C19AD71AC2F9A700288BFE /* RXCollection.h */,
				83C19AD81AC2F9A700288BFE /* RXCollection.m */,
				83C19ACC1AC2E19800288BFE /* NSString+RMRHelpers.h */,
				83C19ACD1AC2E19800288BFE /* NSString+RMRHelpers.m */,
				830F50141ABAE168004F31CD /* NSColor+Hexadecimal.h */,
				830F50151ABAE168004F31CD /* NSColor+Hexadecimal.m */,
				830F50171ABAEB71004F31CD /* NSColorList+RMRHexColor.h */,
				830F50181ABAEB71004F31CD /* NSColorList+RMRHexColor.m */,
				83D118271AB9ECF400D3C7B9 /* RMRHexColorParser.h */,
				83D118281AB9ECF400D3C7B9 /* RMRHexColorParser.m */,
				83D118291AB9ECF400D3C7B9 /* RMRStyleSheetReader.h */,
				83D1182A1AB9ECF400D3C7B9 /* RMRStyleSheetReader.m */,
				830F500B1ABAC7A6004F31CD /* RMRObjcCodeBuilder.h */,
				830F500C1ABAC7A6004F31CD /* RMRObjcCodeBuilder.m */,
				D8DF6A07221D489400CB128E /* RMRSwiftCodeBuilder.h */,
				D8DF6A08221D489400CB128E /* RMRSwiftCodeBuilder.m */,
				D88CD6872213569300CE1508 /* RMRAssetsCatalogBuilder.h */,
				D88CD6882213569300CE1508 /* RMRAssetsCatalogBuilder.m */,
				D88CD68A221361CB00CE1508 /* RMRStringTools.h */,
				D88CD68B221361CB00CE1508 /* RMRStringTools.m */,
				D8DF6A0A221D4C4600CB128E /* Constants.h */,
			);
			path = Helper;
			sourceTree = "<group>";
		};
		83D1182B1AB9ECF400D3C7B9 /* Model */ = {
			isa = PBXGroup;
			children = (
				83D1182C1AB9ECF400D3C7B9 /* RMRHexColor.h */,
				83D1182D1AB9ECF400D3C7B9 /* RMRHexColor.m */,
				83C19ACF1AC2E75100288BFE /* RMRHexColorGenParameters.h */,
				83C19AD01AC2E75100288BFE /* RMRHexColorGenParameters.m */,
			);
			path = Model;
			sourceTree = "<group>";
		};
		D8AB5DBA221D6CBE005F057D /* TestApp */ = {
			isa = PBXGroup;
			children = (
				D8AB5DCC221D6E14005F057D /* MyTestColors.swift */,
				D8AB5DCD221D6E14005F057D /* MyTestColors.xcassets */,
				D8AB5DBB221D6CBE005F057D /* AppDelegate.swift */,
				D8AB5DBD221D6CBE005F057D /* ViewController.swift */,
				D8AB5DD0221D6F77005F057D /* UIColor+MyTestColors.swift */,
				D8AB5DBF221D6CBE005F057D /* Main.storyboard */,
				D8AB5DC2221D6CC5005F057D /* Assets.xcassets */,
				D8AB5DC4221D6CC5005F057D /* LaunchScreen.storyboard */,
				D8AB5DC7221D6CC5005F057D /* Info.plist */,
				D8979369221EB116004EE06E /* UIColor+HexString.swift */,
			);
			path = TestApp;
			sourceTree = "<group>";
		};
/* End PBXGroup section */

/* Begin PBXNativeTarget section */
		83C30F261ABC427D00C425DD /* RMRRefreshColorPanelPlugin */ = {
			isa = PBXNativeTarget;
			buildConfigurationList = 83C30F361ABC427E00C425DD /* Build configuration list for PBXNativeTarget "RMRRefreshColorPanelPlugin" */;
			buildPhases = (
				83C30F241ABC427D00C425DD /* Resources */,
				83C30F251ABC427D00C425DD /* Frameworks */,
				83C30F231ABC427D00C425DD /* Sources */,
			);
			buildRules = (
			);
			dependencies = (
			);
			name = RMRRefreshColorPanelPlugin;
			productName = RMRRefreshColorPanelPlugin;
			productReference = 83C30F271ABC427D00C425DD /* RMRRefreshColorPanelPlugin.xcplugin */;
			productType = "com.apple.product-type.bundle";
		};
		83D1180D1AB9D45D00D3C7B9 /* RMRHexColorGen */ = {
			isa = PBXNativeTarget;
			buildConfigurationList = 83D118121AB9D45D00D3C7B9 /* Build configuration list for PBXNativeTarget "RMRHexColorGen" */;
			buildPhases = (
				83D1180A1AB9D45D00D3C7B9 /* Sources */,
				83D1180B1AB9D45D00D3C7B9 /* Frameworks */,
				83D1180C1AB9D45D00D3C7B9 /* CopyFiles */,
				D8FBEC7E2226E65600C2CAD6 /* Copy to bin Folder */,
			);
			buildRules = (
			);
			dependencies = (
			);
			name = RMRHexColorGen;
			productName = RMRHexColorGen;
			productReference = 83D1180E1AB9D45D00D3C7B9 /* RMRHexColorGen */;
			productType = "com.apple.product-type.tool";
		};
		D8AB5DB8221D6CBE005F057D /* TestApp */ = {
			isa = PBXNativeTarget;
			buildConfigurationList = D8AB5DCA221D6CC5005F057D /* Build configuration list for PBXNativeTarget "TestApp" */;
			buildPhases = (
				D8AB5DCB221D6CDA005F057D /* Generate Colors */,
				D8AB5DB5221D6CBE005F057D /* Sources */,
				D8AB5DB6221D6CBE005F057D /* Frameworks */,
				D8AB5DB7221D6CBE005F057D /* Resources */,
			);
			buildRules = (
			);
			dependencies = (
			);
			name = TestApp;
			productName = TestApp;
			productReference = D8AB5DB9221D6CBE005F057D /* TestApp.app */;
			productType = "com.apple.product-type.application";
		};
/* End PBXNativeTarget section */

/* Begin PBXProject section */
		83D117F81AB9D40000D3C7B9 /* Project object */ = {
			isa = PBXProject;
			attributes = {
				CLASSPREFIX = RMR;
				LastSwiftUpdateCheck = 1010;
				LastUpgradeCheck = 0620;
				ORGANIZATIONNAME = RedMadRobot;
				TargetAttributes = {
					83C30F261ABC427D00C425DD = {
						CreatedOnToolsVersion = 6.2;
					};
					83D1180D1AB9D45D00D3C7B9 = {
						CreatedOnToolsVersion = 6.2;
					};
					D8AB5DB8221D6CBE005F057D = {
						CreatedOnToolsVersion = 10.1;
						DevelopmentTeam = Z76RWC6PEN;
						ProvisioningStyle = Automatic;
					};
				};
			};
			buildConfigurationList = 83D117FB1AB9D40000D3C7B9 /* Build configuration list for PBXProject "RMRColorTools" */;
			compatibilityVersion = "Xcode 3.2";
			developmentRegion = English;
			hasScannedForEncodings = 0;
			knownRegions = (
				en,
				Base,
			);
			mainGroup = 83D117F71AB9D3FF00D3C7B9;
			productRefGroup = 83D118011AB9D40000D3C7B9 /* Products */;
			projectDirPath = "";
			projectRoot = "";
			targets = (
				83D1180D1AB9D45D00D3C7B9 /* RMRHexColorGen */,
				83C30F261ABC427D00C425DD /* RMRRefreshColorPanelPlugin */,
				D8AB5DB8221D6CBE005F057D /* TestApp */,
			);
		};
/* End PBXProject section */

/* Begin PBXResourcesBuildPhase section */
		83C30F241ABC427D00C425DD /* Resources */ = {
			isa = PBXResourcesBuildPhase;
			buildActionMask = 2147483647;
			files = (
			);
			runOnlyForDeploymentPostprocessing = 0;
		};
		D8AB5DB7221D6CBE005F057D /* Resources */ = {
			isa = PBXResourcesBuildPhase;
			buildActionMask = 2147483647;
			files = (
				D8AB5DC6221D6CC5005F057D /* LaunchScreen.storyboard in Resources */,
				D8AB5DCF221D6E15005F057D /* MyTestColors.xcassets in Resources */,
				D8AB5DC3221D6CC5005F057D /* Assets.xcassets in Resources */,
				D8AB5DC1221D6CBE005F057D /* Main.storyboard in Resources */,
			);
			runOnlyForDeploymentPostprocessing = 0;
		};
/* End PBXResourcesBuildPhase section */

/* Begin PBXShellScriptBuildPhase section */
		D8AB5DCB221D6CDA005F057D /* Generate Colors */ = {
			isa = PBXShellScriptBuildPhase;
			buildActionMask = 2147483647;
			files = (
			);
			inputFileListPaths = (
			);
			inputPaths = (
			);
			name = "Generate Colors";
			outputFileListPaths = (
			);
			outputPaths = (
			);
			runOnlyForDeploymentPostprocessing = 0;
			shellPath = /bin/sh;
			shellScript = "# Type a script or drag a script file from your workspace to insert its path.\n";
		};
		D8FBEC7E2226E65600C2CAD6 /* Copy to bin Folder */ = {
			isa = PBXShellScriptBuildPhase;
			buildActionMask = 2147483647;
			files = (
			);
			inputFileListPaths = (
			);
			inputPaths = (
			);
			name = "Copy to bin Folder";
			outputFileListPaths = (
			);
			outputPaths = (
			);
			runOnlyForDeploymentPostprocessing = 0;
			shellPath = /bin/sh;
			shellScript = "cp \"${BUILT_PRODUCTS_DIR}/RMRHexColorGen\" \"${PROJECT_DIR}/bin\"\n";
		};
/* End PBXShellScriptBuildPhase section */

/* Begin PBXSourcesBuildPhase section */
		83C30F231ABC427D00C425DD /* Sources */ = {
			isa = PBXSourcesBuildPhase;
			buildActionMask = 2147483647;
			files = (
				83C30F3C1ABC42B000C425DD /* RMRRefreshColorPanel.m in Sources */,
				83C30F3B1ABC42B000C425DD /* NSColorPanel+RMRColorList.m in Sources */,
			);
			runOnlyForDeploymentPostprocessing = 0;
		};
		83D1180A1AB9D45D00D3C7B9 /* Sources */ = {
			isa = PBXSourcesBuildPhase;
			buildActionMask = 2147483647;
			files = (
				83C19AD91AC2F9A700288BFE /* RXCollection.m in Sources */,
				83C19AD11AC2E75100288BFE /* RMRHexColorGenParameters.m in Sources */,
				D88CD6892213569300CE1508 /* RMRAssetsCatalogBuilder.m in Sources */,
				83C19ACE1AC2E19800288BFE /* NSString+RMRHelpers.m in Sources */,
				830F50161ABAE168004F31CD /* NSColor+Hexadecimal.m in Sources */,
				83D118301AB9ECF400D3C7B9 /* RMRStyleSheetReader.m in Sources */,
				83D118311AB9ECF400D3C7B9 /* RMRHexColor.m in Sources */,
				830F50191ABAEB71004F31CD /* NSColorList+RMRHexColor.m in Sources */,
				83C19AD41AC2EC9200288BFE /* RMRHexColorGen.m in Sources */,
				830F500D1ABAC7A6004F31CD /* RMRObjcCodeBuilder.m in Sources */,
				D8DF6A09221D489400CB128E /* RMRSwiftCodeBuilder.m in Sources */,
				83D118321AB9ECF400D3C7B9 /* main.m in Sources */,
				D88CD68C221361CB00CE1508 /* RMRStringTools.m in Sources */,
				83D1182F1AB9ECF400D3C7B9 /* RMRHexColorParser.m in Sources */,
			);
			runOnlyForDeploymentPostprocessing = 0;
		};
		D8AB5DB5221D6CBE005F057D /* Sources */ = {
			isa = PBXSourcesBuildPhase;
			buildActionMask = 2147483647;
			files = (
				D8AB5DBE221D6CBE005F057D /* ViewController.swift in Sources */,
				D8AB5DD1221D6F78005F057D /* UIColor+MyTestColors.swift in Sources */,
				D8AB5DBC221D6CBE005F057D /* AppDelegate.swift in Sources */,
				D897936A221EB116004EE06E /* UIColor+HexString.swift in Sources */,
				D8AB5DCE221D6E15005F057D /* MyTestColors.swift in Sources */,
			);
			runOnlyForDeploymentPostprocessing = 0;
		};
/* End PBXSourcesBuildPhase section */

/* Begin PBXVariantGroup section */
		D8AB5DBF221D6CBE005F057D /* Main.storyboard */ = {
			isa = PBXVariantGroup;
			children = (
				D8AB5DC0221D6CBE005F057D /* Base */,
			);
			name = Main.storyboard;
			sourceTree = "<group>";
		};
		D8AB5DC4221D6CC5005F057D /* LaunchScreen.storyboard */ = {
			isa = PBXVariantGroup;
			children = (
				D8AB5DC5221D6CC5005F057D /* Base */,
			);
			name = LaunchScreen.storyboard;
			sourceTree = "<group>";
		};
/* End PBXVariantGroup section */

/* Begin XCBuildConfiguration section */
		83C30F341ABC427E00C425DD /* Debug */ = {
			isa = XCBuildConfiguration;
			buildSettings = {
				COMBINE_HIDPI_IMAGES = YES;
				DEPLOYMENT_LOCATION = YES;
				DSTROOT = "$(HOME)";
				GCC_PREPROCESSOR_DEFINITIONS = (
					"DEBUG=1",
					"$(inherited)",
				);
				INFOPLIST_FILE = RMRRefreshColorPanelPlugin/Info.plist;
				INSTALL_PATH = "/Library/Application Support/Developer/Shared/Xcode/Plug-ins";
				MACOSX_DEPLOYMENT_TARGET = 10.10;
				PRODUCT_NAME = "$(TARGET_NAME)";
				WRAPPER_EXTENSION = xcplugin;
			};
			name = Debug;
		};
		83C30F351ABC427E00C425DD /* Release */ = {
			isa = XCBuildConfiguration;
			buildSettings = {
				COMBINE_HIDPI_IMAGES = YES;
				DEPLOYMENT_LOCATION = YES;
				DSTROOT = "$(HOME)";
				INFOPLIST_FILE = RMRRefreshColorPanelPlugin/Info.plist;
				INSTALL_PATH = "/Library/Application Support/Developer/Shared/Xcode/Plug-ins";
				MACOSX_DEPLOYMENT_TARGET = 10.10;
				PRODUCT_NAME = "$(TARGET_NAME)";
				WRAPPER_EXTENSION = xcplugin;
			};
			name = Release;
		};
		83D118051AB9D40000D3C7B9 /* Debug */ = {
			isa = XCBuildConfiguration;
			buildSettings = {
				ALWAYS_SEARCH_USER_PATHS = NO;
				CLANG_CXX_LANGUAGE_STANDARD = "gnu++0x";
				CLANG_CXX_LIBRARY = "libc++";
				CLANG_ENABLE_MODULES = YES;
				CLANG_ENABLE_OBJC_ARC = YES;
				CLANG_WARN_BOOL_CONVERSION = YES;
				CLANG_WARN_CONSTANT_CONVERSION = YES;
				CLANG_WARN_DIRECT_OBJC_ISA_USAGE = YES_ERROR;
				CLANG_WARN_EMPTY_BODY = YES;
				CLANG_WARN_ENUM_CONVERSION = YES;
				CLANG_WARN_INT_CONVERSION = YES;
				CLANG_WARN_OBJC_ROOT_CLASS = YES_ERROR;
				CLANG_WARN_UNREACHABLE_CODE = YES;
				CLANG_WARN__DUPLICATE_METHOD_MATCH = YES;
				COPY_PHASE_STRIP = NO;
				ENABLE_STRICT_OBJC_MSGSEND = YES;
				GCC_C_LANGUAGE_STANDARD = gnu99;
				GCC_DYNAMIC_NO_PIC = NO;
				GCC_OPTIMIZATION_LEVEL = 0;
				GCC_PREPROCESSOR_DEFINITIONS = (
					"DEBUG=1",
					"$(inherited)",
				);
				GCC_SYMBOLS_PRIVATE_EXTERN = NO;
				GCC_WARN_64_TO_32_BIT_CONVERSION = YES;
				GCC_WARN_ABOUT_RETURN_TYPE = YES_ERROR;
				GCC_WARN_UNDECLARED_SELECTOR = YES;
				GCC_WARN_UNINITIALIZED_AUTOS = YES_AGGRESSIVE;
				GCC_WARN_UNUSED_FUNCTION = YES;
				GCC_WARN_UNUSED_VARIABLE = YES;
				MACOSX_DEPLOYMENT_TARGET = 10.10;
				MTL_ENABLE_DEBUG_INFO = YES;
				ONLY_ACTIVE_ARCH = YES;
				SDKROOT = macosx;
			};
			name = Debug;
		};
		83D118061AB9D40000D3C7B9 /* Release */ = {
			isa = XCBuildConfiguration;
			buildSettings = {
				ALWAYS_SEARCH_USER_PATHS = NO;
				CLANG_CXX_LANGUAGE_STANDARD = "gnu++0x";
				CLANG_CXX_LIBRARY = "libc++";
				CLANG_ENABLE_MODULES = YES;
				CLANG_ENABLE_OBJC_ARC = YES;
				CLANG_WARN_BOOL_CONVERSION = YES;
				CLANG_WARN_CONSTANT_CONVERSION = YES;
				CLANG_WARN_DIRECT_OBJC_ISA_USAGE = YES_ERROR;
				CLANG_WARN_EMPTY_BODY = YES;
				CLANG_WARN_ENUM_CONVERSION = YES;
				CLANG_WARN_INT_CONVERSION = YES;
				CLANG_WARN_OBJC_ROOT_CLASS = YES_ERROR;
				CLANG_WARN_UNREACHABLE_CODE = YES;
				CLANG_WARN__DUPLICATE_METHOD_MATCH = YES;
				COPY_PHASE_STRIP = NO;
				DEBUG_INFORMATION_FORMAT = "dwarf-with-dsym";
				ENABLE_NS_ASSERTIONS = NO;
				ENABLE_STRICT_OBJC_MSGSEND = YES;
				GCC_C_LANGUAGE_STANDARD = gnu99;
				GCC_WARN_64_TO_32_BIT_CONVERSION = YES;
				GCC_WARN_ABOUT_RETURN_TYPE = YES_ERROR;
				GCC_WARN_UNDECLARED_SELECTOR = YES;
				GCC_WARN_UNINITIALIZED_AUTOS = YES_AGGRESSIVE;
				GCC_WARN_UNUSED_FUNCTION = YES;
				GCC_WARN_UNUSED_VARIABLE = YES;
				MACOSX_DEPLOYMENT_TARGET = 10.10;
				MTL_ENABLE_DEBUG_INFO = NO;
				SDKROOT = macosx;
			};
			name = Release;
		};
		83D118131AB9D45D00D3C7B9 /* Debug */ = {
			isa = XCBuildConfiguration;
			buildSettings = {
				GCC_PREFIX_HEADER = "RMRHexColorGen/Supporting Files/RMRHexColorGenPrefixHeader.pch";
				GCC_PREPROCESSOR_DEFINITIONS = (
					"DEBUG=1",
					"$(inherited)",
				);
				PRODUCT_NAME = "$(TARGET_NAME)";
			};
			name = Debug;
		};
		83D118141AB9D45D00D3C7B9 /* Release */ = {
			isa = XCBuildConfiguration;
			buildSettings = {
				GCC_PREFIX_HEADER = "RMRHexColorGen/Supporting Files/RMRHexColorGenPrefixHeader.pch";
				PRODUCT_NAME = "$(TARGET_NAME)";
			};
			name = Release;
		};
		D8AB5DC8221D6CC5005F057D /* Debug */ = {
			isa = XCBuildConfiguration;
			buildSettings = {
				ASSETCATALOG_COMPILER_APPICON_NAME = AppIcon;
				CLANG_ANALYZER_NONNULL = YES;
				CLANG_ANALYZER_NUMBER_OBJECT_CONVERSION = YES_AGGRESSIVE;
				CLANG_CXX_LANGUAGE_STANDARD = "gnu++14";
				CLANG_ENABLE_OBJC_WEAK = YES;
				CLANG_WARN_BLOCK_CAPTURE_AUTORELEASING = YES;
				CLANG_WARN_COMMA = YES;
				CLANG_WARN_DEPRECATED_OBJC_IMPLEMENTATIONS = YES;
				CLANG_WARN_DOCUMENTATION_COMMENTS = YES;
				CLANG_WARN_INFINITE_RECURSION = YES;
				CLANG_WARN_NON_LITERAL_NULL_CONVERSION = YES;
				CLANG_WARN_OBJC_IMPLICIT_RETAIN_SELF = YES;
				CLANG_WARN_OBJC_LITERAL_CONVERSION = YES;
				CLANG_WARN_RANGE_LOOP_ANALYSIS = YES;
				CLANG_WARN_STRICT_PROTOTYPES = YES;
				CLANG_WARN_SUSPICIOUS_MOVE = YES;
				CLANG_WARN_UNGUARDED_AVAILABILITY = YES_AGGRESSIVE;
				CODE_SIGN_IDENTITY = "iPhone Developer";
				CODE_SIGN_STYLE = Automatic;
				DEBUG_INFORMATION_FORMAT = dwarf;
				DEVELOPMENT_TEAM = Z76RWC6PEN;
				ENABLE_TESTABILITY = YES;
				GCC_C_LANGUAGE_STANDARD = gnu11;
				GCC_NO_COMMON_BLOCKS = YES;
				INFOPLIST_FILE = TestApp/Info.plist;
				IPHONEOS_DEPLOYMENT_TARGET = 12.1;
				LD_RUNPATH_SEARCH_PATHS = "$(inherited) @executable_path/Frameworks";
				MTL_ENABLE_DEBUG_INFO = INCLUDE_SOURCE;
				MTL_FAST_MATH = YES;
				PRODUCT_BUNDLE_IDENTIFIER = com.redmadrobot.TestApp;
				PRODUCT_NAME = "$(TARGET_NAME)";
				SDKROOT = iphoneos;
				SWIFT_ACTIVE_COMPILATION_CONDITIONS = DEBUG;
				SWIFT_OPTIMIZATION_LEVEL = "-Onone";
				SWIFT_VERSION = 4.2;
				TARGETED_DEVICE_FAMILY = "1,2";
			};
			name = Debug;
		};
		D8AB5DC9221D6CC5005F057D /* Release */ = {
			isa = XCBuildConfiguration;
			buildSettings = {
				ASSETCATALOG_COMPILER_APPICON_NAME = AppIcon;
				CLANG_ANALYZER_NONNULL = YES;
				CLANG_ANALYZER_NUMBER_OBJECT_CONVERSION = YES_AGGRESSIVE;
				CLANG_CXX_LANGUAGE_STANDARD = "gnu++14";
				CLANG_ENABLE_OBJC_WEAK = YES;
				CLANG_WARN_BLOCK_CAPTURE_AUTORELEASING = YES;
				CLANG_WARN_COMMA = YES;
				CLANG_WARN_DEPRECATED_OBJC_IMPLEMENTATIONS = YES;
				CLANG_WARN_DOCUMENTATION_COMMENTS = YES;
				CLANG_WARN_INFINITE_RECURSION = YES;
				CLANG_WARN_NON_LITERAL_NULL_CONVERSION = YES;
				CLANG_WARN_OBJC_IMPLICIT_RETAIN_SELF = YES;
				CLANG_WARN_OBJC_LITERAL_CONVERSION = YES;
				CLANG_WARN_RANGE_LOOP_ANALYSIS = YES;
				CLANG_WARN_STRICT_PROTOTYPES = YES;
				CLANG_WARN_SUSPICIOUS_MOVE = YES;
				CLANG_WARN_UNGUARDED_AVAILABILITY = YES_AGGRESSIVE;
				CODE_SIGN_IDENTITY = "iPhone Developer";
				CODE_SIGN_STYLE = Automatic;
				DEVELOPMENT_TEAM = Z76RWC6PEN;
				GCC_C_LANGUAGE_STANDARD = gnu11;
				GCC_NO_COMMON_BLOCKS = YES;
				INFOPLIST_FILE = TestApp/Info.plist;
				IPHONEOS_DEPLOYMENT_TARGET = 12.1;
				LD_RUNPATH_SEARCH_PATHS = "$(inherited) @executable_path/Frameworks";
				MTL_FAST_MATH = YES;
				PRODUCT_BUNDLE_IDENTIFIER = com.redmadrobot.TestApp;
				PRODUCT_NAME = "$(TARGET_NAME)";
				SDKROOT = iphoneos;
				SWIFT_OPTIMIZATION_LEVEL = "-Owholemodule";
				SWIFT_VERSION = 4.2;
				TARGETED_DEVICE_FAMILY = "1,2";
				VALIDATE_PRODUCT = YES;
			};
			name = Release;
		};
/* End XCBuildConfiguration section */

/* Begin XCConfigurationList section */
		83C30F361ABC427E00C425DD /* Build configuration list for PBXNativeTarget "RMRRefreshColorPanelPlugin" */ = {
			isa = XCConfigurationList;
			buildConfigurations = (
				83C30F341ABC427E00C425DD /* Debug */,
				83C30F351ABC427E00C425DD /* Release */,
			);
			defaultConfigurationIsVisible = 0;
			defaultConfigurationName = Release;
		};
		83D117FB1AB9D40000D3C7B9 /* Build configuration list for PBXProject "RMRColorTools" */ = {
			isa = XCConfigurationList;
			buildConfigurations = (
				83D118051AB9D40000D3C7B9 /* Debug */,
				83D118061AB9D40000D3C7B9 /* Release */,
			);
			defaultConfigurationIsVisible = 0;
			defaultConfigurationName = Release;
		};
		83D118121AB9D45D00D3C7B9 /* Build configuration list for PBXNativeTarget "RMRHexColorGen" */ = {
			isa = XCConfigurationList;
			buildConfigurations = (
				83D118131AB9D45D00D3C7B9 /* Debug */,
				83D118141AB9D45D00D3C7B9 /* Release */,
			);
			defaultConfigurationIsVisible = 0;
			defaultConfigurationName = Release;
		};
		D8AB5DCA221D6CC5005F057D /* Build configuration list for PBXNativeTarget "TestApp" */ = {
			isa = XCConfigurationList;
			buildConfigurations = (
				D8AB5DC8221D6CC5005F057D /* Debug */,
				D8AB5DC9221D6CC5005F057D /* Release */,
			);
			defaultConfigurationIsVisible = 0;
			defaultConfigurationName = Release;
		};
/* End XCConfigurationList section */
	};
	rootObject = 83D117F81AB9D40000D3C7B9 /* Project object */;
}
